
Microsoft Visual Studio Solution File, Format Version 12.00
# Visual Studio Version 17
VisualStudioVersion = 17.11.35312.102
MinimumVisualStudioVersion = 10.0.40219.1
Project("{9A19103F-16F7-4668-BE54-9A1E7A4F7556}") = "MCSysProducto.EN", "MCSysProducto.EN\MCSysProducto.EN.csproj", "{D58D0A45-2AA2-4C2E-86C2-CF6B6521A5B1}"
EndProject
Project("{9A19103F-16F7-4668-BE54-9A1E7A4F7556}") = "MCSysProducto.BL", "MCSysProducto.BL\MCSysProducto.BL.csproj", "{759C0555-0831-4C21-978C-69AED8AE3E8B}"
EndProject
Project("{9A19103F-16F7-4668-BE54-9A1E7A4F7556}") = "MCSysProducto.DAL", "MCSysProducto.DAL\MCSysProducto.DAL.csproj", "{023D1125-1FBA-4030-8409-009C8B7B26F3}"
EndProject
Project("{FAE04EC0-301F-11D3-BF4B-00C04F79EFBC}") = "MCSysProducto.WebApp", "MCSysProducto.WebApp\MCSysProducto.WebApp.csproj", "{29ED63F5-67D3-4D00-BD27-8576BFD63F4C}"
EndProject
Global
	GlobalSection(SolutionConfigurationPlatforms) = preSolution
		Debug|Any CPU = Debug|Any CPU
		Release|Any CPU = Release|Any CPU
	EndGlobalSection
	GlobalSection(ProjectConfigurationPlatforms) = postSolution
		{D58D0A45-2AA2-4C2E-86C2-CF6B6521A5B1}.Debug|Any CPU.ActiveCfg = Debug|Any CPU
		{D58D0A45-2AA2-4C2E-86C2-CF6B6521A5B1}.Debug|Any CPU.Build.0 = Debug|Any CPU
		{D58D0A45-2AA2-4C2E-86C2-CF6B6521A5B1}.Release|Any CPU.ActiveCfg = Release|Any CPU
		{D58D0A45-2AA2-4C2E-86C2-CF6B6521A5B1}.Release|Any CPU.Build.0 = Release|Any CPU
		{759C0555-0831-4C21-978C-69AED8AE3E8B}.Debug|Any CPU.ActiveCfg = Debug|Any CPU
		{759C0555-0831-4C21-978C-69AED8AE3E8B}.Debug|Any CPU.Build.0 = Debug|Any CPU
		{759C0555-0831-4C21-978C-69AED8AE3E8B}.Release|Any CPU.ActiveCfg = Release|Any CPU
		{759C0555-0831-4C21-978C-69AED8AE3E8B}.Release|Any CPU.Build.0 = Release|Any CPU
		{023D1125-1FBA-4030-8409-009C8B7B26F3}.Debug|Any CPU.ActiveCfg = Debug|Any CPU
		{023D1125-1FBA-4030-8409-009C8B7B26F3}.Debug|Any CPU.Build.0 = Debug|Any CPU
		{023D1125-1FBA-4030-8409-009C8B7B26F3}.Release|Any CPU.ActiveCfg = Release|Any CPU
		{023D1125-1FBA-4030-8409-009C8B7B26F3}.Release|Any CPU.Build.0 = Release|Any CPU
		{29ED63F5-67D3-4D00-BD27-8576BFD63F4C}.Debug|Any CPU.ActiveCfg = Debug|Any CPU
		{29ED63F5-67D3-4D00-BD27-8576BFD63F4C}.Debug|Any CPU.Build.0 = Debug|Any CPU
		{29ED63F5-67D3-4D00-BD27-8576BFD63F4C}.Release|Any CPU.ActiveCfg = Release|Any CPU
		{29ED63F5-67D3-4D00-BD27-8576BFD63F4C}.Release|Any CPU.Build.0 = Release|Any CPU
	EndGlobalSection
	GlobalSection(SolutionProperties) = preSolution
		HideSolutionNode = FALSE
	EndGlobalSection
	GlobalSection(ExtensibilityGlobals) = postSolution
		SolutionGuid = {76C38B6D-6766-4B11-8FE3-9CBC6614AA0E}
	EndGlobalSection
EndGlobal
